<?xml version="1.0" encoding="utf-8"?>
<Project ToolsVersion="15.0" xmlns="http://schemas.microsoft.com/developer/msbuild/2003">
  <ItemGroup>
    <ClCompile Include="C:\Users\andre\OneDrive - Blackburn College\Year 3 project\Project\Real-Time-Rendering\Real-Time-Rendering-Demos\BasicCube.cpp">
      <Filter>Source Files</Filter>
    </ClCompile>
  </ItemGroup>
  <ItemGroup>
    <CustomBuild Include="C:\Users\andre\OneDrive - Blackburn College\Year 3 project\Project\Real-Time-Rendering\Real-Time-Rendering-Demos\CMakeLists.txt" />
  </ItemGroup>
  <ItemGroup>
    <Filter Include="Source Files">
      <UniqueIdentifier>{254E6781-7667-3E3C-A10E-01F734F4FEA7}</UniqueIdentifier>
    </Filter>
  </ItemGroup>
</Project>
