<?xml version="1.0" encoding="UTF-8"?>
<Project ToolsVersion="15.0" xmlns="http://schemas.microsoft.com/developer/msbuild/2003">
  <ItemGroup>
    <ClCompile Include="C:\Users\andre\OneDrive - Blackburn College\Year 3 project\Project\Real-Time-Rendering\Real-Time-Rendering\Device.cpp">
      <Filter>Source Files</Filter>
    </ClCompile>
    <ClCompile Include="C:\Users\andre\OneDrive - Blackburn College\Year 3 project\Project\Real-Time-Rendering\Real-Time-Rendering\Camera.cpp">
      <Filter>Source Files</Filter>
    </ClCompile>
    <ClCompile Include="C:\Users\andre\OneDrive - Blackburn College\Year 3 project\Project\Real-Time-Rendering\Real-Time-Rendering\Object.cpp">
      <Filter>Source Files</Filter>
    </ClCompile>
    <ClCompile Include="C:\Users\andre\OneDrive - Blackburn College\Year 3 project\Project\Real-Time-Rendering\Real-Time-Rendering\Pipeline.cpp">
      <Filter>Source Files</Filter>
    </ClCompile>
    <ClCompile Include="C:\Users\andre\OneDrive - Blackburn College\Year 3 project\Project\Real-Time-Rendering\Real-Time-Rendering\ViewPerspective.cpp">
      <Filter>Source Files</Filter>
    </ClCompile>
    <ClCompile Include="C:\Users\andre\OneDrive - Blackburn College\Year 3 project\Project\Real-Time-Rendering\Real-Time-Rendering\ViewOrthogonal.cpp">
      <Filter>Source Files</Filter>
    </ClCompile>
    <ClCompile Include="C:\Users\andre\OneDrive - Blackburn College\Year 3 project\Project\Real-Time-Rendering\Real-Time-Rendering\RasterizeVertex.cpp">
      <Filter>Source Files</Filter>
    </ClCompile>
    <ClCompile Include="C:\Users\andre\OneDrive - Blackburn College\Year 3 project\Project\Real-Time-Rendering\Real-Time-Rendering\RasterizeWireframe.cpp">
      <Filter>Source Files</Filter>
    </ClCompile>
    <ClCompile Include="C:\Users\andre\OneDrive - Blackburn College\Year 3 project\Project\Real-Time-Rendering\Real-Time-Rendering\Mesh.cpp">
      <Filter>Source Files</Filter>
    </ClCompile>
    <ClCompile Include="C:\Users\andre\OneDrive - Blackburn College\Year 3 project\Project\Real-Time-Rendering\Real-Time-Rendering\ObjectParser.cpp">
      <Filter>Source Files</Filter>
    </ClCompile>
    <ClCompile Include="C:\Users\andre\OneDrive - Blackburn College\Year 3 project\Project\Real-Time-Rendering\Real-Time-Rendering\DebugTools.cpp">
      <Filter>Source Files</Filter>
    </ClCompile>
  </ItemGroup>
  <ItemGroup>
    <ClInclude Include="C:\Users\andre\OneDrive - Blackburn College\Year 3 project\Project\Real-Time-Rendering\Real-Time-Rendering\Device.h">
      <Filter>Header Files</Filter>
    </ClInclude>
    <ClInclude Include="C:\Users\andre\OneDrive - Blackburn College\Year 3 project\Project\Real-Time-Rendering\Real-Time-Rendering\Camera.h">
      <Filter>Header Files</Filter>
    </ClInclude>
    <ClInclude Include="C:\Users\andre\OneDrive - Blackburn College\Year 3 project\Project\Real-Time-Rendering\Real-Time-Rendering\Object.h">
      <Filter>Header Files</Filter>
    </ClInclude>
    <ClInclude Include="C:\Users\andre\OneDrive - Blackburn College\Year 3 project\Project\Real-Time-Rendering\Real-Time-Rendering\Mesh.h">
      <Filter>Header Files</Filter>
    </ClInclude>
    <ClInclude Include="C:\Users\andre\OneDrive - Blackburn College\Year 3 project\Project\Real-Time-Rendering\Real-Time-Rendering\Pipeline.h">
      <Filter>Header Files</Filter>
    </ClInclude>
    <ClInclude Include="C:\Users\andre\OneDrive - Blackburn College\Year 3 project\Project\Real-Time-Rendering\Real-Time-Rendering\ViewPerspective.h">
      <Filter>Header Files</Filter>
    </ClInclude>
    <ClInclude Include="C:\Users\andre\OneDrive - Blackburn College\Year 3 project\Project\Real-Time-Rendering\Real-Time-Rendering\ViewOrthogonal.h">
      <Filter>Header Files</Filter>
    </ClInclude>
    <ClInclude Include="C:\Users\andre\OneDrive - Blackburn College\Year 3 project\Project\Real-Time-Rendering\Real-Time-Rendering\RasterizeVertex.h">
      <Filter>Header Files</Filter>
    </ClInclude>
    <ClInclude Include="C:\Users\andre\OneDrive - Blackburn College\Year 3 project\Project\Real-Time-Rendering\Real-Time-Rendering\RasterizeWireframe.h">
      <Filter>Header Files</Filter>
    </ClInclude>
    <ClInclude Include="C:\Users\andre\OneDrive - Blackburn College\Year 3 project\Project\Real-Time-Rendering\Real-Time-Rendering\ObjectParser.h">
      <Filter>Header Files</Filter>
    </ClInclude>
    <ClInclude Include="C:\Users\andre\OneDrive - Blackburn College\Year 3 project\Project\Real-Time-Rendering\Real-Time-Rendering\DebugTools.h">
      <Filter>Header Files</Filter>
    </ClInclude>
    <ClInclude Include="C:\Users\andre\OneDrive - Blackburn College\Year 3 project\Project\Real-Time-Rendering\Real-Time-Rendering\Exports.h">
      <Filter>Header Files</Filter>
    </ClInclude>
  </ItemGroup>
  <ItemGroup>
    <CustomBuild Include="C:\Users\andre\OneDrive - Blackburn College\Year 3 project\Project\Real-Time-Rendering\Real-Time-Rendering\CMakeLists.txt" />
  </ItemGroup>
  <ItemGroup>
    <Filter Include="Source Files">
      <UniqueIdentifier>{B95D081B-C3F5-3CB8-86FB-E4F4DBBD0AED}</UniqueIdentifier>
    </Filter>
    <Filter Include="Header Files">
      <UniqueIdentifier>{F5E5128B-CD09-3866-ABC4-7DC10C4ABC6A}</UniqueIdentifier>
    </Filter>
  </ItemGroup>
</Project>
