Microsoft Visual Studio Solution File, Format Version 12.00
# Visual Studio 15
Project("{8BC9CEB8-8B4A-11D0-8D11-00A0C91BC942}") = "ALL_BUILD", "ALL_BUILD.vcxproj", "{15E6A622-A1C4-3F70-89B7-C8D415E5682D}"
	ProjectSection(ProjectDependencies) = postProject
		{325FF7F1-D9E5-3784-AF77-5A647316B66E} = {325FF7F1-D9E5-3784-AF77-5A647316B66E}
		{80DC5CA7-DA50-3C55-8F1E-D8314BB88DBF} = {80DC5CA7-DA50-3C55-8F1E-D8314BB88DBF}
	EndProjectSection
EndProject
Project("{8BC9CEB8-8B4A-11D0-8D11-00A0C91BC942}") = "Real-Time-Rendering-Lib", "Real-Time-Rendering-Lib.vcxproj", "{325FF7F1-D9E5-3784-AF77-5A647316B66E}"
	ProjectSection(ProjectDependencies) = postProject
		{80DC5CA7-DA50-3C55-8F1E-D8314BB88DBF} = {80DC5CA7-DA50-3C55-8F1E-D8314BB88DBF}
	EndProjectSection
EndProject
Project("{8BC9CEB8-8B4A-11D0-8D11-00A0C91BC942}") = "ZERO_CHECK", "..\\ZERO_CHECK.vcxproj", "{80DC5CA7-DA50-3C55-8F1E-D8314BB88DBF}"
	ProjectSection(ProjectDependencies) = postProject
	EndProjectSection
EndProject
Global
	GlobalSection(SolutionConfigurationPlatforms) = preSolution
		Debug|x64 = Debug|x64
		Release|x64 = Release|x64
		MinSizeRel|x64 = MinSizeRel|x64
		RelWithDebInfo|x64 = RelWithDebInfo|x64
	EndGlobalSection
	GlobalSection(ProjectConfigurationPlatforms) = postSolution
		{15E6A622-A1C4-3F70-89B7-C8D415E5682D}.Debug|x64.ActiveCfg = Debug|x64
		{15E6A622-A1C4-3F70-89B7-C8D415E5682D}.Release|x64.ActiveCfg = Release|x64
		{15E6A622-A1C4-3F70-89B7-C8D415E5682D}.MinSizeRel|x64.ActiveCfg = MinSizeRel|x64
		{15E6A622-A1C4-3F70-89B7-C8D415E5682D}.RelWithDebInfo|x64.ActiveCfg = RelWithDebInfo|x64
		{325FF7F1-D9E5-3784-AF77-5A647316B66E}.Debug|x64.ActiveCfg = Debug|x64
		{325FF7F1-D9E5-3784-AF77-5A647316B66E}.Debug|x64.Build.0 = Debug|x64
		{325FF7F1-D9E5-3784-AF77-5A647316B66E}.Release|x64.ActiveCfg = Release|x64
		{325FF7F1-D9E5-3784-AF77-5A647316B66E}.Release|x64.Build.0 = Release|x64
		{325FF7F1-D9E5-3784-AF77-5A647316B66E}.MinSizeRel|x64.ActiveCfg = MinSizeRel|x64
		{325FF7F1-D9E5-3784-AF77-5A647316B66E}.MinSizeRel|x64.Build.0 = MinSizeRel|x64
		{325FF7F1-D9E5-3784-AF77-5A647316B66E}.RelWithDebInfo|x64.ActiveCfg = RelWithDebInfo|x64
		{325FF7F1-D9E5-3784-AF77-5A647316B66E}.RelWithDebInfo|x64.Build.0 = RelWithDebInfo|x64
		{80DC5CA7-DA50-3C55-8F1E-D8314BB88DBF}.Debug|x64.ActiveCfg = Debug|x64
		{80DC5CA7-DA50-3C55-8F1E-D8314BB88DBF}.Debug|x64.Build.0 = Debug|x64
		{80DC5CA7-DA50-3C55-8F1E-D8314BB88DBF}.Release|x64.ActiveCfg = Release|x64
		{80DC5CA7-DA50-3C55-8F1E-D8314BB88DBF}.Release|x64.Build.0 = Release|x64
		{80DC5CA7-DA50-3C55-8F1E-D8314BB88DBF}.MinSizeRel|x64.ActiveCfg = MinSizeRel|x64
		{80DC5CA7-DA50-3C55-8F1E-D8314BB88DBF}.MinSizeRel|x64.Build.0 = MinSizeRel|x64
		{80DC5CA7-DA50-3C55-8F1E-D8314BB88DBF}.RelWithDebInfo|x64.ActiveCfg = RelWithDebInfo|x64
		{80DC5CA7-DA50-3C55-8F1E-D8314BB88DBF}.RelWithDebInfo|x64.Build.0 = RelWithDebInfo|x64
	EndGlobalSection
	GlobalSection(ExtensibilityGlobals) = postSolution
		SolutionGuid = {EEBE14A5-300C-38DA-8F53-5053441D6A75}
	EndGlobalSection
	GlobalSection(ExtensibilityAddIns) = postSolution
	EndGlobalSection
EndGlobal
